
Microsoft Visual Studio Solution File, Format Version 12.00
# Visual Studio 15
VisualStudioVersion = 15.0.27428.2037
MinimumVisualStudioVersion = 10.0.40219.1
Project("{FAE04EC0-301F-11D3-BF4B-00C04F79EFBC}") = "StringCalculationTdd", "StringCalculationTdd\StringCalculationTdd.csproj", "{3AE91280-DD1A-409F-B2A2-DF5D79305620}"
EndProject
Project("{FAE04EC0-301F-11D3-BF4B-00C04F79EFBC}") = "StringCalcManager", "StringCalcManager\StringCalcManager.csproj", "{A806C418-E478-446D-9136-AC79CAD814CF}"
EndProject
Project("{FAE04EC0-301F-11D3-BF4B-00C04F79EFBC}") = "StringCalcTest", "StringCalcTest\StringCalcTest.csproj", "{A622FCB5-5D24-491F-9D86-789C5E7B8299}"
EndProject
Global
	GlobalSection(SolutionConfigurationPlatforms) = preSolution
		Debug|Any CPU = Debug|Any CPU
		Release|Any CPU = Release|Any CPU
	EndGlobalSection
	GlobalSection(ProjectConfigurationPlatforms) = postSolution
		{3AE91280-DD1A-409F-B2A2-DF5D79305620}.Debug|Any CPU.ActiveCfg = Debug|Any CPU
		{3AE91280-DD1A-409F-B2A2-DF5D79305620}.Debug|Any CPU.Build.0 = Debug|Any CPU
		{3AE91280-DD1A-409F-B2A2-DF5D79305620}.Release|Any CPU.ActiveCfg = Release|Any CPU
		{3AE91280-DD1A-409F-B2A2-DF5D79305620}.Release|Any CPU.Build.0 = Release|Any CPU
		{A806C418-E478-446D-9136-AC79CAD814CF}.Debug|Any CPU.ActiveCfg = Debug|Any CPU
		{A806C418-E478-446D-9136-AC79CAD814CF}.Debug|Any CPU.Build.0 = Debug|Any CPU
		{A806C418-E478-446D-9136-AC79CAD814CF}.Release|Any CPU.ActiveCfg = Release|Any CPU
		{A806C418-E478-446D-9136-AC79CAD814CF}.Release|Any CPU.Build.0 = Release|Any CPU
		{A622FCB5-5D24-491F-9D86-789C5E7B8299}.Debug|Any CPU.ActiveCfg = Debug|Any CPU
		{A622FCB5-5D24-491F-9D86-789C5E7B8299}.Debug|Any CPU.Build.0 = Debug|Any CPU
		{A622FCB5-5D24-491F-9D86-789C5E7B8299}.Release|Any CPU.ActiveCfg = Release|Any CPU
		{A622FCB5-5D24-491F-9D86-789C5E7B8299}.Release|Any CPU.Build.0 = Release|Any CPU
	EndGlobalSection
	GlobalSection(SolutionProperties) = preSolution
		HideSolutionNode = FALSE
	EndGlobalSection
	GlobalSection(ExtensibilityGlobals) = postSolution
		SolutionGuid = {6FF1657E-0C6C-4C35-A8E1-E7EB7B05FD18}
	EndGlobalSection
EndGlobal
